
Microsoft Visual Studio Solution File, Format Version 12.00
# Visual Studio Version 16
VisualStudioVersion = 16.0.31624.102
MinimumVisualStudioVersion = 10.0.40219.1
Project("{FAE04EC0-301F-11D3-BF4B-00C04F79EFBC}") = "TCP_Client_Server", "TCP_Client_Server\TCP_Client_Server.csproj", "{B45CCB5F-A50C-43F7-A96E-0CEB191BE94A}"
EndProject
Project("{FAE04EC0-301F-11D3-BF4B-00C04F79EFBC}") = "TCP_Server", "TCP_Server\TCP_Server.csproj", "{F6F7BAAD-2FB8-441E-880B-92630864826D}"
EndProject
Project("{FAE04EC0-301F-11D3-BF4B-00C04F79EFBC}") = "TCP_Client", "TCP_Client\TCP_Client.csproj", "{3D5E17CC-D7DC-4235-8E64-FECF8D103628}"
EndProject
Global
	GlobalSection(SolutionConfigurationPlatforms) = preSolution
		Debug|Any CPU = Debug|Any CPU
		Release|Any CPU = Release|Any CPU
	EndGlobalSection
	GlobalSection(ProjectConfigurationPlatforms) = postSolution
		{B45CCB5F-A50C-43F7-A96E-0CEB191BE94A}.Debug|Any CPU.ActiveCfg = Debug|Any CPU
		{B45CCB5F-A50C-43F7-A96E-0CEB191BE94A}.Debug|Any CPU.Build.0 = Debug|Any CPU
		{B45CCB5F-A50C-43F7-A96E-0CEB191BE94A}.Release|Any CPU.ActiveCfg = Release|Any CPU
		{B45CCB5F-A50C-43F7-A96E-0CEB191BE94A}.Release|Any CPU.Build.0 = Release|Any CPU
		{F6F7BAAD-2FB8-441E-880B-92630864826D}.Debug|Any CPU.ActiveCfg = Debug|Any CPU
		{F6F7BAAD-2FB8-441E-880B-92630864826D}.Debug|Any CPU.Build.0 = Debug|Any CPU
		{F6F7BAAD-2FB8-441E-880B-92630864826D}.Release|Any CPU.ActiveCfg = Release|Any CPU
		{F6F7BAAD-2FB8-441E-880B-92630864826D}.Release|Any CPU.Build.0 = Release|Any CPU
		{3D5E17CC-D7DC-4235-8E64-FECF8D103628}.Debug|Any CPU.ActiveCfg = Debug|Any CPU
		{3D5E17CC-D7DC-4235-8E64-FECF8D103628}.Debug|Any CPU.Build.0 = Debug|Any CPU
		{3D5E17CC-D7DC-4235-8E64-FECF8D103628}.Release|Any CPU.ActiveCfg = Release|Any CPU
		{3D5E17CC-D7DC-4235-8E64-FECF8D103628}.Release|Any CPU.Build.0 = Release|Any CPU
	EndGlobalSection
	GlobalSection(SolutionProperties) = preSolution
		HideSolutionNode = FALSE
	EndGlobalSection
	GlobalSection(ExtensibilityGlobals) = postSolution
		SolutionGuid = {C252A0D6-5C9F-4D1F-AF27-55CA1C0791B8}
	EndGlobalSection
EndGlobal
